
Microsoft Visual Studio Solution File, Format Version 12.00
# Visual Studio Version 17
VisualStudioVersion = 17.4.33213.308
MinimumVisualStudioVersion = 10.0.40219.1
Project("{9A19103F-16F7-4668-BE54-9A1E7A4F7556}") = "EFCoreBasicCaching", "EFCoreBasicCaching\EFCoreBasicCaching.csproj", "{348760FA-A81B-4D83-8DFB-171BE57A470A}"
EndProject
Project("{FAE04EC0-301F-11D3-BF4B-00C04F79EFBC}") = "EFCoreBasic", "EFCoreBasic\EFCoreBasic.csproj", "{DE2354A7-2AA6-46E7-9A16-2C45DECCBD27}"
EndProject
Global
	GlobalSection(SolutionConfigurationPlatforms) = preSolution
		Debug|Any CPU = Debug|Any CPU
		Release|Any CPU = Release|Any CPU
	EndGlobalSection
	GlobalSection(ProjectConfigurationPlatforms) = postSolution
		{348760FA-A81B-4D83-8DFB-171BE57A470A}.Debug|Any CPU.ActiveCfg = Debug|Any CPU
		{348760FA-A81B-4D83-8DFB-171BE57A470A}.Debug|Any CPU.Build.0 = Debug|Any CPU
		{348760FA-A81B-4D83-8DFB-171BE57A470A}.Release|Any CPU.ActiveCfg = Release|Any CPU
		{348760FA-A81B-4D83-8DFB-171BE57A470A}.Release|Any CPU.Build.0 = Release|Any CPU
		{DE2354A7-2AA6-46E7-9A16-2C45DECCBD27}.Debug|Any CPU.ActiveCfg = Debug|Any CPU
		{DE2354A7-2AA6-46E7-9A16-2C45DECCBD27}.Debug|Any CPU.Build.0 = Debug|Any CPU
		{DE2354A7-2AA6-46E7-9A16-2C45DECCBD27}.Release|Any CPU.ActiveCfg = Release|Any CPU
		{DE2354A7-2AA6-46E7-9A16-2C45DECCBD27}.Release|Any CPU.Build.0 = Release|Any CPU
	EndGlobalSection
	GlobalSection(SolutionProperties) = preSolution
		HideSolutionNode = FALSE
	EndGlobalSection
	GlobalSection(ExtensibilityGlobals) = postSolution
		SolutionGuid = {008D12F4-640A-4411-A39C-724996E7FA08}
	EndGlobalSection
EndGlobal
